// !$*UTF8*$!
{
	archiveVersion = 1;
	classes = {
	};
	objectVersion = 46;
	objects = {

/* Begin PBXBuildFile section */
		48730E381C841F7200232893 /* Assets.xcassets in Resources */ = {isa = PBXBuildFile; fileRef = 48730E371C841F7200232893 /* Assets.xcassets */; };
		48730E3B1C841F7200232893 /* MainMenu.xib in Resources */ = {isa = PBXBuildFile; fileRef = 48730E391C841F7200232893 /* MainMenu.xib */; };
		48730E4B1C852C4B00232893 /* a.c in Sources */ = {isa = PBXBuildFile; fileRef = 48730E4A1C852C4B00232893 /* a.c */; };
/* End PBXBuildFile section */

/* Begin PBXFileReference section */
		48730E2E1C841F7200232893 /* node-start.app */ = {isa = PBXFileReference; explicitFileType = wrapper.application; includeInIndex = 0; path = "node-start.app"; sourceTree = BUILT_PRODUCTS_DIR; };
		48730E371C841F7200232893 /* Assets.xcassets */ = {isa = PBXFileReference; lastKnownFileType = folder.assetcatalog; path = Assets.xcassets; sourceTree = "<group>"; };
		48730E3A1C841F7200232893 /* Base */ = {isa = PBXFileReference; lastKnownFileType = file.xib; name = Base; path = Base.lproj/MainMenu.xib; sourceTree = "<group>"; };
		48730E3C1C841F7200232893 /* Info.plist */ = {isa = PBXFileReference; lastKnownFileType = text.plist.xml; path = Info.plist; sourceTree = "<group>"; };
		48730E4A1C852C4B00232893 /* a.c */ = {isa = PBXFileReference; fileEncoding = 4; lastKnownFileType = sourcecode.c.c; path = a.c; sourceTree = SOURCE_ROOT; };
/* End PBXFileReference section */

/* Begin PBXFrameworksBuildPhase section */
		48730E2B1C841F7200232893 /* Frameworks */ = {
			isa = PBXFrameworksBuildPhase;
			buildActionMask = 2147483647;
			files = (
			);
			runOnlyForDeploymentPostprocessing = 0;
		};
/* End PBXFrameworksBuildPhase section */

/* Begin PBXGroup section */
		48730E251C841F7200232893 = {
			isa = PBXGroup;
			children = (
				48730E301C841F7200232893 /* node-start */,
				48730E2F1C841F7200232893 /* Products */,
			);
			sourceTree = "<group>";
		};
		48730E2F1C841F7200232893 /* Products */ = {
			isa = PBXGroup;
			children = (
				48730E2E1C841F7200232893 /* node-start.app */,
			);
			name = Products;
			sourceTree = "<group>";
		};
		48730E301C841F7200232893 /* node-start */ = {
			isa = PBXGroup;
			children = (
				48730E371C841F7200232893 /* Assets.xcassets */,
				48730E391C841F7200232893 /* MainMenu.xib */,
				48730E3C1C841F7200232893 /* Info.plist */,
				48730E341C841F7200232893 /* Supporting Files */,
			);
			path = "node-start";
			sourceTree = "<group>";
		};
		48730E341C841F7200232893 /* Supporting Files */ = {
			isa = PBXGroup;
			children = (
				48730E4A1C852C4B00232893 /* a.c */,
			);
			name = "Supporting Files";
			sourceTree = "<group>";
		};
/* End PBXGroup section */

/* Begin PBXNativeTarget section */
		48730E2D1C841F7200232893 /* node-start */ = {
			isa = PBXNativeTarget;
			buildConfigurationList = 48730E3F1C841F7200232893 /* Build configuration list for PBXNativeTarget "node-start" */;
			buildPhases = (
				48730E2A1C841F7200232893 /* Sources */,
				48730E2B1C841F7200232893 /* Frameworks */,
				48730E2C1C841F7200232893 /* Resources */,
			);
			buildRules = (
			);
			dependencies = (
			);
			name = "node-start";
			productName = "node-start";
			productReference = 48730E2E1C841F7200232893 /* node-start.app */;
			productType = "com.apple.product-type.application";
		};
/* End PBXNativeTarget section */

/* Begin PBXProject section */
		48730E261C841F7200232893 /* Project object */ = {
			isa = PBXProject;
			attributes = {
				LastUpgradeCheck = 0720;
				ORGANIZATIONNAME = weilong;
				TargetAttributes = {
					48730E2D1C841F7200232893 = {
						CreatedOnToolsVersion = 7.2.1;
					};
				};
			};
			buildConfigurationList = 48730E291C841F7200232893 /* Build configuration list for PBXProject "node-start" */;
			compatibilityVersion = "Xcode 3.2";
			developmentRegion = English;
			hasScannedForEncodings = 0;
			knownRegions = (
				en,
				Base,
			);
			mainGroup = 48730E251C841F7200232893;
			productRefGroup = 48730E2F1C841F7200232893 /* Products */;
			projectDirPath = "";
			projectRoot = "";
			targets = (
				48730E2D1C841F7200232893 /* node-start */,
			);
		};
/* End PBXProject section */

/* Begin PBXResourcesBuildPhase section */
		48730E2C1C841F7200232893 /* Resources */ = {
			isa = PBXResourcesBuildPhase;
			buildActionMask = 2147483647;
			files = (
				48730E381C841F7200232893 /* Assets.xcassets in Resources */,
				48730E3B1C841F7200232893 /* MainMenu.xib in Resources */,
			);
			runOnlyForDeploymentPostprocessing = 0;
		};
/* End PBXResourcesBuildPhase section */

/* Begin PBXSourcesBuildPhase section */
		48730E2A1C841F7200232893 /* Sources */ = {
			isa = PBXSourcesBuildPhase;
			buildActionMask = 2147483647;
			files = (
				48730E4B1C852C4B00232893 /* a.c in Sources */,
			);
			runOnlyForDeploymentPostprocessing = 0;
		};
/* End PBXSourcesBuildPhase section */

/* Begin PBXVariantGroup section */
		48730E391C841F7200232893 /* MainMenu.xib */ = {
			isa = PBXVariantGroup;
			children = (
				48730E3A1C841F7200232893 /* Base */,
			);
			name = MainMenu.xib;
			sourceTree = "<group>";
		};
/* End PBXVariantGroup section */

/* Begin XCBuildConfiguration section */
		48730E3D1C841F7200232893 /* Debug */ = {
			isa = XCBuildConfiguration;
			buildSettings = {
				ALWAYS_SEARCH_USER_PATHS = NO;
				CLANG_CXX_LANGUAGE_STANDARD = "gnu++0x";
				CLANG_CXX_LIBRARY = "libc++";
				CLANG_ENABLE_MODULES = YES;
				CLANG_ENABLE_OBJC_ARC = YES;
				CLANG_WARN_BOOL_CONVERSION = YES;
				CLANG_WARN_CONSTANT_CONVERSION = YES;
				CLANG_WARN_DIRECT_OBJC_ISA_USAGE = YES_ERROR;
				CLANG_WARN_EMPTY_BODY = YES;
				CLANG_WARN_ENUM_CONVERSION = YES;
				CLANG_WARN_INT_CONVERSION = YES;
				CLANG_WARN_OBJC_ROOT_CLASS = YES_ERROR;
				CLANG_WARN_UNREACHABLE_CODE = YES;
				CLANG_WARN__DUPLICATE_METHOD_MATCH = YES;
				CODE_SIGN_IDENTITY = "-";
				COPY_PHASE_STRIP = NO;
				DEBUG_INFORMATION_FORMAT = dwarf;
				ENABLE_STRICT_OBJC_MSGSEND = YES;
				ENABLE_TESTABILITY = NO;
				GCC_C_LANGUAGE_STANDARD = gnu99;
				GCC_DYNAMIC_NO_PIC = NO;
				GCC_NO_COMMON_BLOCKS = YES;
				GCC_OPTIMIZATION_LEVEL = 0;
				GCC_PREPROCESSOR_DEFINITIONS = (
					"DEBUG=1",
					"$(inherited)",
				);
				GCC_WARN_64_TO_32_BIT_CONVERSION = YES;
				GCC_WARN_ABOUT_RETURN_TYPE = YES_ERROR;
				GCC_WARN_UNDECLARED_SELECTOR = YES;
				GCC_WARN_UNINITIALIZED_AUTOS = YES_AGGRESSIVE;
				GCC_WARN_UNUSED_FUNCTION = YES;
				GCC_WARN_UNUSED_VARIABLE = YES;
				MACOSX_DEPLOYMENT_TARGET = 10.10;
				MTL_ENABLE_DEBUG_INFO = YES;
				ONLY_ACTIVE_ARCH = YES;
				SDKROOT = macosx;
			};
			name = Debug;
		};
		48730E3E1C841F7200232893 /* Release */ = {
			isa = XCBuildConfiguration;
			buildSettings = {
				ALWAYS_SEARCH_USER_PATHS = NO;
				CLANG_CXX_LANGUAGE_STANDARD = "gnu++0x";
				CLANG_CXX_LIBRARY = "libc++";
				CLANG_ENABLE_MODULES = YES;
				CLANG_ENABLE_OBJC_ARC = YES;
				CLANG_WARN_BOOL_CONVERSION = YES;
				CLANG_WARN_CONSTANT_CONVERSION = YES;
				CLANG_WARN_DIRECT_OBJC_ISA_USAGE = YES_ERROR;
				CLANG_WARN_EMPTY_BODY = YES;
				CLANG_WARN_ENUM_CONVERSION = YES;
				CLANG_WARN_INT_CONVERSION = YES;
				CLANG_WARN_OBJC_ROOT_CLASS = YES_ERROR;
				CLANG_WARN_UNREACHABLE_CODE = YES;
				CLANG_WARN__DUPLICATE_METHOD_MATCH = YES;
				CODE_SIGN_IDENTITY = "-";
				COPY_PHASE_STRIP = NO;
				DEBUG_INFORMATION_FORMAT = dwarf;
				ENABLE_NS_ASSERTIONS = NO;
				ENABLE_STRICT_OBJC_MSGSEND = YES;
				ENABLE_TESTABILITY = NO;
				GCC_C_LANGUAGE_STANDARD = gnu99;
				GCC_NO_COMMON_BLOCKS = YES;
				GCC_WARN_64_TO_32_BIT_CONVERSION = YES;
				GCC_WARN_ABOUT_RETURN_TYPE = YES_ERROR;
				GCC_WARN_UNDECLARED_SELECTOR = YES;
				GCC_WARN_UNINITIALIZED_AUTOS = YES_AGGRESSIVE;
				GCC_WARN_UNUSED_FUNCTION = YES;
				GCC_WARN_UNUSED_VARIABLE = YES;
				MACOSX_DEPLOYMENT_TARGET = 10.10;
				MTL_ENABLE_DEBUG_INFO = NO;
				ONLY_ACTIVE_ARCH = YES;
				SDKROOT = macosx;
			};
			name = Release;
		};
		48730E401C841F7200232893 /* Debug */ = {
			isa = XCBuildConfiguration;
			buildSettings = {
				ASSETCATALOG_COMPILER_APPICON_NAME = AppIcon;
				COMBINE_HIDPI_IMAGES = YES;
				INFOPLIST_FILE = "node-start/Info.plist";
				LD_RUNPATH_SEARCH_PATHS = "$(inherited) @executable_path/../Frameworks";
				PRODUCT_BUNDLE_IDENTIFIER = "com.node-start";
				PRODUCT_NAME = "$(TARGET_NAME)";
			};
			name = Debug;
		};
		48730E411C841F7200232893 /* Release */ = {
			isa = XCBuildConfiguration;
			buildSettings = {
				ASSETCATALOG_COMPILER_APPICON_NAME = AppIcon;
				COMBINE_HIDPI_IMAGES = YES;
				INFOPLIST_FILE = "node-start/Info.plist";
				LD_RUNPATH_SEARCH_PATHS = "$(inherited) @executable_path/../Frameworks";
				PRODUCT_BUNDLE_IDENTIFIER = "com.node-start";
				PRODUCT_NAME = "$(TARGET_NAME)";
			};
			name = Release;
		};
/* End XCBuildConfiguration section */

/* Begin XCConfigurationList section */
		48730E291C841F7200232893 /* Build configuration list for PBXProject "node-start" */ = {
			isa = XCConfigurationList;
			buildConfigurations = (
				48730E3D1C841F7200232893 /* Debug */,
				48730E3E1C841F7200232893 /* Release */,
			);
			defaultConfigurationIsVisible = 0;
			defaultConfigurationName = Release;
		};
		48730E3F1C841F7200232893 /* Build configuration list for PBXNativeTarget "node-start" */ = {
			isa = XCConfigurationList;
			buildConfigurations = (
				48730E401C841F7200232893 /* Debug */,
				48730E411C841F7200232893 /* Release */,
			);
			defaultConfigurationIsVisible = 0;
			defaultConfigurationName = Release;
		};
/* End XCConfigurationList section */
	};
	rootObject = 48730E261C841F7200232893 /* Project object */;
}
